
Microsoft Visual Studio Solution File, Format Version 12.00
# Visual Studio Version 16
VisualStudioVersion = 16.0.31410.357
MinimumVisualStudioVersion = 10.0.40219.1
Project("{8BC9CEB8-8B4A-11D0-8D11-00A0C91BC942}") = "Ejemplo3", "Ejemplo3.vcxproj", "{5E2B2F17-9D4A-4990-B14A-3C2305CCBFD5}"
EndProject
Global
	GlobalSection(SolutionConfigurationPlatforms) = preSolution
		Debug|x64 = Debug|x64
		Debug|x86 = Debug|x86
		Release|x64 = Release|x64
		Release|x86 = Release|x86
	EndGlobalSection
	GlobalSection(ProjectConfigurationPlatforms) = postSolution
		{5E2B2F17-9D4A-4990-B14A-3C2305CCBFD5}.Debug|x64.ActiveCfg = Debug|x64
		{5E2B2F17-9D4A-4990-B14A-3C2305CCBFD5}.Debug|x64.Build.0 = Debug|x64
		{5E2B2F17-9D4A-4990-B14A-3C2305CCBFD5}.Debug|x86.ActiveCfg = Debug|Win32
		{5E2B2F17-9D4A-4990-B14A-3C2305CCBFD5}.Debug|x86.Build.0 = Debug|Win32
		{5E2B2F17-9D4A-4990-B14A-3C2305CCBFD5}.Release|x64.ActiveCfg = Release|x64
		{5E2B2F17-9D4A-4990-B14A-3C2305CCBFD5}.Release|x64.Build.0 = Release|x64
		{5E2B2F17-9D4A-4990-B14A-3C2305CCBFD5}.Release|x86.ActiveCfg = Release|Win32
		{5E2B2F17-9D4A-4990-B14A-3C2305CCBFD5}.Release|x86.Build.0 = Release|Win32
	EndGlobalSection
	GlobalSection(SolutionProperties) = preSolution
		HideSolutionNode = FALSE
	EndGlobalSection
	GlobalSection(ExtensibilityGlobals) = postSolution
		SolutionGuid = {C710EF52-F8E2-4708-A3FA-92400D470DA0}
	EndGlobalSection
EndGlobal
